
Microsoft Visual Studio Solution File, Format Version 12.00
# Visual Studio Version 16
VisualStudioVersion = 16.0.33214.272
MinimumVisualStudioVersion = 10.0.40219.1
Project("{FAE04EC0-301F-11D3-BF4B-00C04F79EFBC}") = "EmployeeManagementSystem", "EmployeeManagementSystem\EmployeeManagementSystem.csproj", "{0CC0F236-7099-4EC5-9099-6691F77D7DE1}"
EndProject
Global
	GlobalSection(SolutionConfigurationPlatforms) = preSolution
		Debug|Any CPU = Debug|Any CPU
		Release|Any CPU = Release|Any CPU
	EndGlobalSection
	GlobalSection(ProjectConfigurationPlatforms) = postSolution
		{0CC0F236-7099-4EC5-9099-6691F77D7DE1}.Debug|Any CPU.ActiveCfg = Debug|Any CPU
		{0CC0F236-7099-4EC5-9099-6691F77D7DE1}.Debug|Any CPU.Build.0 = Debug|Any CPU
		{0CC0F236-7099-4EC5-9099-6691F77D7DE1}.Release|Any CPU.ActiveCfg = Release|Any CPU
		{0CC0F236-7099-4EC5-9099-6691F77D7DE1}.Release|Any CPU.Build.0 = Release|Any CPU
	EndGlobalSection
	GlobalSection(SolutionProperties) = preSolution
		HideSolutionNode = FALSE
	EndGlobalSection
	GlobalSection(ExtensibilityGlobals) = postSolution
		SolutionGuid = {C6A7EE6B-CC42-4AFF-8B74-107F44786854}
	EndGlobalSection
EndGlobal
